
Microsoft Visual Studio Solution File, Format Version 12.00
# Visual Studio Version 17
VisualStudioVersion = 17.7.34031.279
MinimumVisualStudioVersion = 10.0.40219.1
Project("{FAE04EC0-301F-11D3-BF4B-00C04F79EFBC}") = "WordPad", "WordPad\WordPad.csproj", "{06B695A1-22A6-44FF-A5D1-60CCD78EB683}"
EndProject
Global
	GlobalSection(SolutionConfigurationPlatforms) = preSolution
		Debug|Any CPU = Debug|Any CPU
		Release|Any CPU = Release|Any CPU
	EndGlobalSection
	GlobalSection(ProjectConfigurationPlatforms) = postSolution
		{06B695A1-22A6-44FF-A5D1-60CCD78EB683}.Debug|Any CPU.ActiveCfg = Debug|Any CPU
		{06B695A1-22A6-44FF-A5D1-60CCD78EB683}.Debug|Any CPU.Build.0 = Debug|Any CPU
		{06B695A1-22A6-44FF-A5D1-60CCD78EB683}.Release|Any CPU.ActiveCfg = Release|Any CPU
		{06B695A1-22A6-44FF-A5D1-60CCD78EB683}.Release|Any CPU.Build.0 = Release|Any CPU
	EndGlobalSection
	GlobalSection(SolutionProperties) = preSolution
		HideSolutionNode = FALSE
	EndGlobalSection
	GlobalSection(ExtensibilityGlobals) = postSolution
		SolutionGuid = {6331110E-C2CF-4DE1-ADD2-623C62939765}
	EndGlobalSection
EndGlobal
